// !$*UTF8*$!
{
	archiveVersion = 1;
	classes = {
	};
	objectVersion = 55;
	objects = {

/* Begin PBXBuildFile section */
		FA13B77B2923C26F00493590 /* Pods_Tandauly.framework in Frameworks */ = {isa = PBXBuildFile; fileRef = E7EF6FFB2EAE8D51601EC51D /* Pods_Tandauly.framework */; };
		FA27CA88291BC07200A46340 /* StorageManager.swift in Sources */ = {isa = PBXBuildFile; fileRef = FA27CA87291BC07200A46340 /* StorageManager.swift */; };
		FA32BBD629002DD000D902AF /* AppDelegate.swift in Sources */ = {isa = PBXBuildFile; fileRef = FA32BBD529002DD000D902AF /* AppDelegate.swift */; };
		FA32BBD829002DD000D902AF /* SceneDelegate.swift in Sources */ = {isa = PBXBuildFile; fileRef = FA32BBD729002DD000D902AF /* SceneDelegate.swift */; };
		FA32BBDD29002DD000D902AF /* Main.storyboard in Resources */ = {isa = PBXBuildFile; fileRef = FA32BBDB29002DD000D902AF /* Main.storyboard */; };
		FA32BBDF29002DD200D902AF /* Assets.xcassets in Resources */ = {isa = PBXBuildFile; fileRef = FA32BBDE29002DD200D902AF /* Assets.xcassets */; };
		FA32BBE229002DD200D902AF /* LaunchScreen.storyboard in Resources */ = {isa = PBXBuildFile; fileRef = FA32BBE029002DD200D902AF /* LaunchScreen.storyboard */; };
		FA32BBEA29002E1100D902AF /* MainVC.swift in Sources */ = {isa = PBXBuildFile; fileRef = FA32BBE929002E1100D902AF /* MainVC.swift */; };
		FA885A772914114C00D44E98 /* NewPlaceVC.swift in Sources */ = {isa = PBXBuildFile; fileRef = FA885A762914114C00D44E98 /* NewPlaceVC.swift */; };
		FAC294EB291EA08A008F5E2E /* MapVC.swift in Sources */ = {isa = PBXBuildFile; fileRef = FAC294EA291EA08A008F5E2E /* MapVC.swift */; };
		FAD99998290A9A8C00323013 /* PlaceCell.swift in Sources */ = {isa = PBXBuildFile; fileRef = FAD99997290A9A8C00323013 /* PlaceCell.swift */; };
		FAD9999A290AA2C400323013 /* PlaceModel.swift in Sources */ = {isa = PBXBuildFile; fileRef = FAD99999290AA2C400323013 /* PlaceModel.swift */; };
		FAE4EE582926170100C85FE5 /* MapManager.swift in Sources */ = {isa = PBXBuildFile; fileRef = FAE4EE572926170100C85FE5 /* MapManager.swift */; };
/* End PBXBuildFile section */

/* Begin PBXFileReference section */
		065FF1D3A41F67450157F1F1 /* Pods-Tandauly.debug.xcconfig */ = {isa = PBXFileReference; includeInIndex = 1; lastKnownFileType = text.xcconfig; name = "Pods-Tandauly.debug.xcconfig"; path = "Target Support Files/Pods-Tandauly/Pods-Tandauly.debug.xcconfig"; sourceTree = "<group>"; };
		7B8DD7968619D9D9FDE13C2D /* Pods-Tandauly.release.xcconfig */ = {isa = PBXFileReference; includeInIndex = 1; lastKnownFileType = text.xcconfig; name = "Pods-Tandauly.release.xcconfig"; path = "Target Support Files/Pods-Tandauly/Pods-Tandauly.release.xcconfig"; sourceTree = "<group>"; };
		E7EF6FFB2EAE8D51601EC51D /* Pods_Tandauly.framework */ = {isa = PBXFileReference; explicitFileType = wrapper.framework; includeInIndex = 0; path = Pods_Tandauly.framework; sourceTree = BUILT_PRODUCTS_DIR; };
		FA27CA87291BC07200A46340 /* StorageManager.swift */ = {isa = PBXFileReference; lastKnownFileType = sourcecode.swift; path = StorageManager.swift; sourceTree = "<group>"; };
		FA32BBD229002DD000D902AF /* Tandauly.app */ = {isa = PBXFileReference; explicitFileType = wrapper.application; includeInIndex = 0; path = Tandauly.app; sourceTree = BUILT_PRODUCTS_DIR; };
		FA32BBD529002DD000D902AF /* AppDelegate.swift */ = {isa = PBXFileReference; lastKnownFileType = sourcecode.swift; path = AppDelegate.swift; sourceTree = "<group>"; };
		FA32BBD729002DD000D902AF /* SceneDelegate.swift */ = {isa = PBXFileReference; lastKnownFileType = sourcecode.swift; path = SceneDelegate.swift; sourceTree = "<group>"; };
		FA32BBDC29002DD000D902AF /* Base */ = {isa = PBXFileReference; lastKnownFileType = file.storyboard; name = Base; path = Base.lproj/Main.storyboard; sourceTree = "<group>"; };
		FA32BBDE29002DD200D902AF /* Assets.xcassets */ = {isa = PBXFileReference; lastKnownFileType = folder.assetcatalog; path = Assets.xcassets; sourceTree = "<group>"; };
		FA32BBE129002DD200D902AF /* Base */ = {isa = PBXFileReference; lastKnownFileType = file.storyboard; name = Base; path = Base.lproj/LaunchScreen.storyboard; sourceTree = "<group>"; };
		FA32BBE329002DD200D902AF /* Info.plist */ = {isa = PBXFileReference; lastKnownFileType = text.plist.xml; path = Info.plist; sourceTree = "<group>"; };
		FA32BBE929002E1100D902AF /* MainVC.swift */ = {isa = PBXFileReference; lastKnownFileType = sourcecode.swift; path = MainVC.swift; sourceTree = "<group>"; };
		FA885A762914114C00D44E98 /* NewPlaceVC.swift */ = {isa = PBXFileReference; lastKnownFileType = sourcecode.swift; path = NewPlaceVC.swift; sourceTree = "<group>"; };
		FAC294EA291EA08A008F5E2E /* MapVC.swift */ = {isa = PBXFileReference; lastKnownFileType = sourcecode.swift; path = MapVC.swift; sourceTree = "<group>"; };
		FAD99997290A9A8C00323013 /* PlaceCell.swift */ = {isa = PBXFileReference; lastKnownFileType = sourcecode.swift; path = PlaceCell.swift; sourceTree = "<group>"; };
		FAD99999290AA2C400323013 /* PlaceModel.swift */ = {isa = PBXFileReference; lastKnownFileType = sourcecode.swift; path = PlaceModel.swift; sourceTree = "<group>"; };
		FAE4EE572926170100C85FE5 /* MapManager.swift */ = {isa = PBXFileReference; lastKnownFileType = sourcecode.swift; path = MapManager.swift; sourceTree = "<group>"; };
/* End PBXFileReference section */

/* Begin PBXFrameworksBuildPhase section */
		FA32BBCF29002DD000D902AF /* Frameworks */ = {
			isa = PBXFrameworksBuildPhase;
			buildActionMask = 2147483647;
			files = (
				FA13B77B2923C26F00493590 /* Pods_Tandauly.framework in Frameworks */,
			);
			runOnlyForDeploymentPostprocessing = 0;
		};
/* End PBXFrameworksBuildPhase section */

/* Begin PBXGroup section */
		539DA62C1971921AD6E115EF /* Frameworks */ = {
			isa = PBXGroup;
			children = (
				E7EF6FFB2EAE8D51601EC51D /* Pods_Tandauly.framework */,
			);
			name = Frameworks;
			sourceTree = "<group>";
		};
		75AA6DF1F4F08EF70AFBD384 /* Pods */ = {
			isa = PBXGroup;
			children = (
				065FF1D3A41F67450157F1F1 /* Pods-Tandauly.debug.xcconfig */,
				7B8DD7968619D9D9FDE13C2D /* Pods-Tandauly.release.xcconfig */,
			);
			path = Pods;
			sourceTree = "<group>";
		};
		FA32BBC929002DD000D902AF = {
			isa = PBXGroup;
			children = (
				FA32BBD429002DD000D902AF /* Tandauly */,
				FA32BBD329002DD000D902AF /* Products */,
				75AA6DF1F4F08EF70AFBD384 /* Pods */,
				539DA62C1971921AD6E115EF /* Frameworks */,
			);
			sourceTree = "<group>";
		};
		FA32BBD329002DD000D902AF /* Products */ = {
			isa = PBXGroup;
			children = (
				FA32BBD229002DD000D902AF /* Tandauly.app */,
			);
			name = Products;
			sourceTree = "<group>";
		};
		FA32BBD429002DD000D902AF /* Tandauly */ = {
			isa = PBXGroup;
			children = (
				FAE4EE5929262CE800C85FE5 /* ViewControllers */,
				FAE4EE5B29262D4600C85FE5 /* Managers */,
				FAE4EE5A29262D2800C85FE5 /* Models */,
				FAE4EE5C29262D7500C85FE5 /* SupportingFiles */,
				FAE4EE5D29262DA700C85FE5 /* IB */,
			);
			path = Tandauly;
			sourceTree = "<group>";
		};
		FAE4EE5929262CE800C85FE5 /* ViewControllers */ = {
			isa = PBXGroup;
			children = (
				FA32BBE929002E1100D902AF /* MainVC.swift */,
				FA885A762914114C00D44E98 /* NewPlaceVC.swift */,
				FAC294EA291EA08A008F5E2E /* MapVC.swift */,
				FAD99997290A9A8C00323013 /* PlaceCell.swift */,
			);
			path = ViewControllers;
			sourceTree = "<group>";
		};
		FAE4EE5A29262D2800C85FE5 /* Models */ = {
			isa = PBXGroup;
			children = (
				FAD99999290AA2C400323013 /* PlaceModel.swift */,
			);
			path = Models;
			sourceTree = "<group>";
		};
		FAE4EE5B29262D4600C85FE5 /* Managers */ = {
			isa = PBXGroup;
			children = (
				FAE4EE572926170100C85FE5 /* MapManager.swift */,
				FA27CA87291BC07200A46340 /* StorageManager.swift */,
			);
			path = Managers;
			sourceTree = "<group>";
		};
		FAE4EE5C29262D7500C85FE5 /* SupportingFiles */ = {
			isa = PBXGroup;
			children = (
				FA32BBD529002DD000D902AF /* AppDelegate.swift */,
				FA32BBD729002DD000D902AF /* SceneDelegate.swift */,
				FA32BBDE29002DD200D902AF /* Assets.xcassets */,
				FA32BBE329002DD200D902AF /* Info.plist */,
			);
			path = SupportingFiles;
			sourceTree = "<group>";
		};
		FAE4EE5D29262DA700C85FE5 /* IB */ = {
			isa = PBXGroup;
			children = (
				FA32BBDB29002DD000D902AF /* Main.storyboard */,
				FA32BBE029002DD200D902AF /* LaunchScreen.storyboard */,
			);
			path = IB;
			sourceTree = "<group>";
		};
/* End PBXGroup section */

/* Begin PBXNativeTarget section */
		FA32BBD129002DD000D902AF /* Tandauly */ = {
			isa = PBXNativeTarget;
			buildConfigurationList = FA32BBE629002DD200D902AF /* Build configuration list for PBXNativeTarget "Tandauly" */;
			buildPhases = (
				C5986FCDCB86F29341CAD7BC /* [CP] Check Pods Manifest.lock */,
				FA32BBCE29002DD000D902AF /* Sources */,
				FA32BBCF29002DD000D902AF /* Frameworks */,
				FA32BBD029002DD000D902AF /* Resources */,
				14022B5849BC4D3EC99241A5 /* [CP] Embed Pods Frameworks */,
			);
			buildRules = (
			);
			dependencies = (
			);
			name = Tandauly;
			productName = Tandauly;
			productReference = FA32BBD229002DD000D902AF /* Tandauly.app */;
			productType = "com.apple.product-type.application";
		};
/* End PBXNativeTarget section */

/* Begin PBXProject section */
		FA32BBCA29002DD000D902AF /* Project object */ = {
			isa = PBXProject;
			attributes = {
				BuildIndependentTargetsInParallel = 1;
				LastSwiftUpdateCheck = 1400;
				LastUpgradeCheck = 1400;
				TargetAttributes = {
					FA32BBD129002DD000D902AF = {
						CreatedOnToolsVersion = 14.0.1;
					};
				};
			};
			buildConfigurationList = FA32BBCD29002DD000D902AF /* Build configuration list for PBXProject "Tandauly" */;
			compatibilityVersion = "Xcode 13.0";
			developmentRegion = en;
			hasScannedForEncodings = 0;
			knownRegions = (
				en,
				Base,
			);
			mainGroup = FA32BBC929002DD000D902AF;
			productRefGroup = FA32BBD329002DD000D902AF /* Products */;
			projectDirPath = "";
			projectRoot = "";
			targets = (
				FA32BBD129002DD000D902AF /* Tandauly */,
			);
		};
/* End PBXProject section */

/* Begin PBXResourcesBuildPhase section */
		FA32BBD029002DD000D902AF /* Resources */ = {
			isa = PBXResourcesBuildPhase;
			buildActionMask = 2147483647;
			files = (
				FA32BBE229002DD200D902AF /* LaunchScreen.storyboard in Resources */,
				FA32BBDF29002DD200D902AF /* Assets.xcassets in Resources */,
				FA32BBDD29002DD000D902AF /* Main.storyboard in Resources */,
			);
			runOnlyForDeploymentPostprocessing = 0;
		};
/* End PBXResourcesBuildPhase section */

/* Begin PBXShellScriptBuildPhase section */
		14022B5849BC4D3EC99241A5 /* [CP] Embed Pods Frameworks */ = {
			isa = PBXShellScriptBuildPhase;
			buildActionMask = 2147483647;
			files = (
			);
			inputFileListPaths = (
				"${PODS_ROOT}/Target Support Files/Pods-Tandauly/Pods-Tandauly-frameworks-${CONFIGURATION}-input-files.xcfilelist",
			);
			name = "[CP] Embed Pods Frameworks";
			outputFileListPaths = (
				"${PODS_ROOT}/Target Support Files/Pods-Tandauly/Pods-Tandauly-frameworks-${CONFIGURATION}-output-files.xcfilelist",
			);
			runOnlyForDeploymentPostprocessing = 0;
			shellPath = /bin/sh;
			shellScript = "\"${PODS_ROOT}/Target Support Files/Pods-Tandauly/Pods-Tandauly-frameworks.sh\"\n";
			showEnvVarsInLog = 0;
		};
		C5986FCDCB86F29341CAD7BC /* [CP] Check Pods Manifest.lock */ = {
			isa = PBXShellScriptBuildPhase;
			buildActionMask = 2147483647;
			files = (
			);
			inputFileListPaths = (
			);
			inputPaths = (
				"${PODS_PODFILE_DIR_PATH}/Podfile.lock",
				"${PODS_ROOT}/Manifest.lock",
			);
			name = "[CP] Check Pods Manifest.lock";
			outputFileListPaths = (
			);
			outputPaths = (
				"$(DERIVED_FILE_DIR)/Pods-Tandauly-checkManifestLockResult.txt",
			);
			runOnlyForDeploymentPostprocessing = 0;
			shellPath = /bin/sh;
			shellScript = "diff \"${PODS_PODFILE_DIR_PATH}/Podfile.lock\" \"${PODS_ROOT}/Manifest.lock\" > /dev/null\nif [ $? != 0 ] ; then\n    # print error to STDERR\n    echo \"error: The sandbox is not in sync with the Podfile.lock. Run 'pod install' or update your CocoaPods installation.\" >&2\n    exit 1\nfi\n# This output is used by Xcode 'outputs' to avoid re-running this script phase.\necho \"SUCCESS\" > \"${SCRIPT_OUTPUT_FILE_0}\"\n";
			showEnvVarsInLog = 0;
		};
/* End PBXShellScriptBuildPhase section */

/* Begin PBXSourcesBuildPhase section */
		FA32BBCE29002DD000D902AF /* Sources */ = {
			isa = PBXSourcesBuildPhase;
			buildActionMask = 2147483647;
			files = (
				FA32BBD629002DD000D902AF /* AppDelegate.swift in Sources */,
				FA32BBEA29002E1100D902AF /* MainVC.swift in Sources */,
				FAD9999A290AA2C400323013 /* PlaceModel.swift in Sources */,
				FA27CA88291BC07200A46340 /* StorageManager.swift in Sources */,
				FAE4EE582926170100C85FE5 /* MapManager.swift in Sources */,
				FA32BBD829002DD000D902AF /* SceneDelegate.swift in Sources */,
				FAC294EB291EA08A008F5E2E /* MapVC.swift in Sources */,
				FA885A772914114C00D44E98 /* NewPlaceVC.swift in Sources */,
				FAD99998290A9A8C00323013 /* PlaceCell.swift in Sources */,
			);
			runOnlyForDeploymentPostprocessing = 0;
		};
/* End PBXSourcesBuildPhase section */

/* Begin PBXVariantGroup section */
		FA32BBDB29002DD000D902AF /* Main.storyboard */ = {
			isa = PBXVariantGroup;
			children = (
				FA32BBDC29002DD000D902AF /* Base */,
			);
			name = Main.storyboard;
			sourceTree = "<group>";
		};
		FA32BBE029002DD200D902AF /* LaunchScreen.storyboard */ = {
			isa = PBXVariantGroup;
			children = (
				FA32BBE129002DD200D902AF /* Base */,
			);
			name = LaunchScreen.storyboard;
			sourceTree = "<group>";
		};
/* End PBXVariantGroup section */

/* Begin XCBuildConfiguration section */
		FA32BBE429002DD200D902AF /* Debug */ = {
			isa = XCBuildConfiguration;
			buildSettings = {
				ALWAYS_SEARCH_USER_PATHS = NO;
				CLANG_ANALYZER_NONNULL = YES;
				CLANG_ANALYZER_NUMBER_OBJECT_CONVERSION = YES_AGGRESSIVE;
				CLANG_CXX_LANGUAGE_STANDARD = "gnu++20";
				CLANG_ENABLE_MODULES = YES;
				CLANG_ENABLE_OBJC_ARC = YES;
				CLANG_ENABLE_OBJC_WEAK = YES;
				CLANG_WARN_BLOCK_CAPTURE_AUTORELEASING = YES;
				CLANG_WARN_BOOL_CONVERSION = YES;
				CLANG_WARN_COMMA = YES;
				CLANG_WARN_CONSTANT_CONVERSION = YES;
				CLANG_WARN_DEPRECATED_OBJC_IMPLEMENTATIONS = YES;
				CLANG_WARN_DIRECT_OBJC_ISA_USAGE = YES_ERROR;
				CLANG_WARN_DOCUMENTATION_COMMENTS = YES;
				CLANG_WARN_EMPTY_BODY = YES;
				CLANG_WARN_ENUM_CONVERSION = YES;
				CLANG_WARN_INFINITE_RECURSION = YES;
				CLANG_WARN_INT_CONVERSION = YES;
				CLANG_WARN_NON_LITERAL_NULL_CONVERSION = YES;
				CLANG_WARN_OBJC_IMPLICIT_RETAIN_SELF = YES;
				CLANG_WARN_OBJC_LITERAL_CONVERSION = YES;
				CLANG_WARN_OBJC_ROOT_CLASS = YES_ERROR;
				CLANG_WARN_QUOTED_INCLUDE_IN_FRAMEWORK_HEADER = YES;
				CLANG_WARN_RANGE_LOOP_ANALYSIS = YES;
				CLANG_WARN_STRICT_PROTOTYPES = YES;
				CLANG_WARN_SUSPICIOUS_MOVE = YES;
				CLANG_WARN_UNGUARDED_AVAILABILITY = YES_AGGRESSIVE;
				CLANG_WARN_UNREACHABLE_CODE = YES;
				CLANG_WARN__DUPLICATE_METHOD_MATCH = YES;
				COPY_PHASE_STRIP = NO;
				DEBUG_INFORMATION_FORMAT = dwarf;
				ENABLE_STRICT_OBJC_MSGSEND = YES;
				ENABLE_TESTABILITY = YES;
				GCC_C_LANGUAGE_STANDARD = gnu11;
				GCC_DYNAMIC_NO_PIC = NO;
				GCC_NO_COMMON_BLOCKS = YES;
				GCC_OPTIMIZATION_LEVEL = 0;
				GCC_PREPROCESSOR_DEFINITIONS = (
					"DEBUG=1",
					"$(inherited)",
				);
				GCC_WARN_64_TO_32_BIT_CONVERSION = YES;
				GCC_WARN_ABOUT_RETURN_TYPE = YES_ERROR;
				GCC_WARN_UNDECLARED_SELECTOR = YES;
				GCC_WARN_UNINITIALIZED_AUTOS = YES_AGGRESSIVE;
				GCC_WARN_UNUSED_FUNCTION = YES;
				GCC_WARN_UNUSED_VARIABLE = YES;
				IPHONEOS_DEPLOYMENT_TARGET = 16.0;
				MTL_ENABLE_DEBUG_INFO = INCLUDE_SOURCE;
				MTL_FAST_MATH = YES;
				ONLY_ACTIVE_ARCH = YES;
				SDKROOT = iphoneos;
				SWIFT_ACTIVE_COMPILATION_CONDITIONS = DEBUG;
				SWIFT_OPTIMIZATION_LEVEL = "-Onone";
			};
			name = Debug;
		};
		FA32BBE529002DD200D902AF /* Release */ = {
			isa = XCBuildConfiguration;
			buildSettings = {
				ALWAYS_SEARCH_USER_PATHS = NO;
				CLANG_ANALYZER_NONNULL = YES;
				CLANG_ANALYZER_NUMBER_OBJECT_CONVERSION = YES_AGGRESSIVE;
				CLANG_CXX_LANGUAGE_STANDARD = "gnu++20";
				CLANG_ENABLE_MODULES = YES;
				CLANG_ENABLE_OBJC_ARC = YES;
				CLANG_ENABLE_OBJC_WEAK = YES;
				CLANG_WARN_BLOCK_CAPTURE_AUTORELEASING = YES;
				CLANG_WARN_BOOL_CONVERSION = YES;
				CLANG_WARN_COMMA = YES;
				CLANG_WARN_CONSTANT_CONVERSION = YES;
				CLANG_WARN_DEPRECATED_OBJC_IMPLEMENTATIONS = YES;
				CLANG_WARN_DIRECT_OBJC_ISA_USAGE = YES_ERROR;
				CLANG_WARN_DOCUMENTATION_COMMENTS = YES;
				CLANG_WARN_EMPTY_BODY = YES;
				CLANG_WARN_ENUM_CONVERSION = YES;
				CLANG_WARN_INFINITE_RECURSION = YES;
				CLANG_WARN_INT_CONVERSION = YES;
				CLANG_WARN_NON_LITERAL_NULL_CONVERSION = YES;
				CLANG_WARN_OBJC_IMPLICIT_RETAIN_SELF = YES;
				CLANG_WARN_OBJC_LITERAL_CONVERSION = YES;
				CLANG_WARN_OBJC_ROOT_CLASS = YES_ERROR;
				CLANG_WARN_QUOTED_INCLUDE_IN_FRAMEWORK_HEADER = YES;
				CLANG_WARN_RANGE_LOOP_ANALYSIS = YES;
				CLANG_WARN_STRICT_PROTOTYPES = YES;
				CLANG_WARN_SUSPICIOUS_MOVE = YES;
				CLANG_WARN_UNGUARDED_AVAILABILITY = YES_AGGRESSIVE;
				CLANG_WARN_UNREACHABLE_CODE = YES;
				CLANG_WARN__DUPLICATE_METHOD_MATCH = YES;
				COPY_PHASE_STRIP = NO;
				DEBUG_INFORMATION_FORMAT = "dwarf-with-dsym";
				ENABLE_NS_ASSERTIONS = NO;
				ENABLE_STRICT_OBJC_MSGSEND = YES;
				GCC_C_LANGUAGE_STANDARD = gnu11;
				GCC_NO_COMMON_BLOCKS = YES;
				GCC_WARN_64_TO_32_BIT_CONVERSION = YES;
				GCC_WARN_ABOUT_RETURN_TYPE = YES_ERROR;
				GCC_WARN_UNDECLARED_SELECTOR = YES;
				GCC_WARN_UNINITIALIZED_AUTOS = YES_AGGRESSIVE;
				GCC_WARN_UNUSED_FUNCTION = YES;
				GCC_WARN_UNUSED_VARIABLE = YES;
				IPHONEOS_DEPLOYMENT_TARGET = 16.0;
				MTL_ENABLE_DEBUG_INFO = NO;
				MTL_FAST_MATH = YES;
				SDKROOT = iphoneos;
				SWIFT_COMPILATION_MODE = wholemodule;
				SWIFT_OPTIMIZATION_LEVEL = "-O";
				VALIDATE_PRODUCT = YES;
			};
			name = Release;
		};
		FA32BBE729002DD200D902AF /* Debug */ = {
			isa = XCBuildConfiguration;
			baseConfigurationReference = 065FF1D3A41F67450157F1F1 /* Pods-Tandauly.debug.xcconfig */;
			buildSettings = {
				ASSETCATALOG_COMPILER_APPICON_NAME = AppIcon;
				ASSETCATALOG_COMPILER_GLOBAL_ACCENT_COLOR_NAME = AccentColor;
				CODE_SIGN_IDENTITY = "Apple Development";
				CODE_SIGN_STYLE = Automatic;
				CURRENT_PROJECT_VERSION = 1;
				DEVELOPMENT_TEAM = 2SQ428B324;
				GENERATE_INFOPLIST_FILE = YES;
				INFOPLIST_FILE = Tandauly/SupportingFiles/Info.plist;
				INFOPLIST_KEY_UIApplicationSupportsIndirectInputEvents = YES;
				INFOPLIST_KEY_UILaunchStoryboardName = LaunchScreen;
				INFOPLIST_KEY_UIMainStoryboardFile = Main;
				INFOPLIST_KEY_UISupportedInterfaceOrientations = "UIInterfaceOrientationLandscapeLeft UIInterfaceOrientationLandscapeRight UIInterfaceOrientationPortrait UIInterfaceOrientationPortraitUpsideDown";
				IPHONEOS_DEPLOYMENT_TARGET = 13.0;
				LD_RUNPATH_SEARCH_PATHS = (
					"$(inherited)",
					"@executable_path/Frameworks",
				);
				MARKETING_VERSION = 1.0;
				PRODUCT_BUNDLE_IDENTIFIER = homework.Tandauly;
				PRODUCT_NAME = "$(TARGET_NAME)";
				PROVISIONING_PROFILE_SPECIFIER = "";
				SWIFT_EMIT_LOC_STRINGS = YES;
				SWIFT_VERSION = 5.0;
				TARGETED_DEVICE_FAMILY = "1,2";
			};
			name = Debug;
		};
		FA32BBE829002DD200D902AF /* Release */ = {
			isa = XCBuildConfiguration;
			baseConfigurationReference = 7B8DD7968619D9D9FDE13C2D /* Pods-Tandauly.release.xcconfig */;
			buildSettings = {
				ASSETCATALOG_COMPILER_APPICON_NAME = AppIcon;
				ASSETCATALOG_COMPILER_GLOBAL_ACCENT_COLOR_NAME = AccentColor;
				CODE_SIGN_IDENTITY = "Apple Development";
				CODE_SIGN_STYLE = Automatic;
				CURRENT_PROJECT_VERSION = 1;
				DEVELOPMENT_TEAM = 2SQ428B324;
				GENERATE_INFOPLIST_FILE = YES;
				INFOPLIST_FILE = Tandauly/SupportingFiles/Info.plist;
				INFOPLIST_KEY_UIApplicationSupportsIndirectInputEvents = YES;
				INFOPLIST_KEY_UILaunchStoryboardName = LaunchScreen;
				INFOPLIST_KEY_UIMainStoryboardFile = Main;
				INFOPLIST_KEY_UISupportedInterfaceOrientations = "UIInterfaceOrientationLandscapeLeft UIInterfaceOrientationLandscapeRight UIInterfaceOrientationPortrait UIInterfaceOrientationPortraitUpsideDown";
				IPHONEOS_DEPLOYMENT_TARGET = 13.0;
				LD_RUNPATH_SEARCH_PATHS = (
					"$(inherited)",
					"@executable_path/Frameworks",
				);
				MARKETING_VERSION = 1.0;
				PRODUCT_BUNDLE_IDENTIFIER = homework.Tandauly;
				PRODUCT_NAME = "$(TARGET_NAME)";
				PROVISIONING_PROFILE_SPECIFIER = "";
				SWIFT_EMIT_LOC_STRINGS = YES;
				SWIFT_VERSION = 5.0;
				TARGETED_DEVICE_FAMILY = "1,2";
			};
			name = Release;
		};
/* End XCBuildConfiguration section */

/* Begin XCConfigurationList section */
		FA32BBCD29002DD000D902AF /* Build configuration list for PBXProject "Tandauly" */ = {
			isa = XCConfigurationList;
			buildConfigurations = (
				FA32BBE429002DD200D902AF /* Debug */,
				FA32BBE529002DD200D902AF /* Release */,
			);
			defaultConfigurationIsVisible = 0;
			defaultConfigurationName = Release;
		};
		FA32BBE629002DD200D902AF /* Build configuration list for PBXNativeTarget "Tandauly" */ = {
			isa = XCConfigurationList;
			buildConfigurations = (
				FA32BBE729002DD200D902AF /* Debug */,
				FA32BBE829002DD200D902AF /* Release */,
			);
			defaultConfigurationIsVisible = 0;
			defaultConfigurationName = Release;
		};
/* End XCConfigurationList section */
	};
	rootObject = FA32BBCA29002DD000D902AF /* Project object */;
}
